
Microsoft Visual Studio Solution File, Format Version 12.00
# Visual Studio Version 16
VisualStudioVersion = 16.0.32228.343
MinimumVisualStudioVersion = 10.0.40219.1
Project("{FAE04EC0-301F-11D3-BF4B-00C04F79EFBC}") = "OnlineShopWebAPIs", "OnlineShopWebAPIs\OnlineShopWebAPIs.csproj", "{AF38CB9D-B114-4DCC-A7C3-B0655A72462C}"
EndProject
Global
	GlobalSection(SolutionConfigurationPlatforms) = preSolution
		Debug|Any CPU = Debug|Any CPU
		Release|Any CPU = Release|Any CPU
	EndGlobalSection
	GlobalSection(ProjectConfigurationPlatforms) = postSolution
		{AF38CB9D-B114-4DCC-A7C3-B0655A72462C}.Debug|Any CPU.ActiveCfg = Debug|Any CPU
		{AF38CB9D-B114-4DCC-A7C3-B0655A72462C}.Debug|Any CPU.Build.0 = Debug|Any CPU
		{AF38CB9D-B114-4DCC-A7C3-B0655A72462C}.Release|Any CPU.ActiveCfg = Release|Any CPU
		{AF38CB9D-B114-4DCC-A7C3-B0655A72462C}.Release|Any CPU.Build.0 = Release|Any CPU
	EndGlobalSection
	GlobalSection(SolutionProperties) = preSolution
		HideSolutionNode = FALSE
	EndGlobalSection
	GlobalSection(ExtensibilityGlobals) = postSolution
		SolutionGuid = {0C334585-6189-4581-AC12-00C0356F8990}
	EndGlobalSection
EndGlobal
